
Microsoft Visual Studio Solution File, Format Version 12.00
# Visual Studio Version 17
VisualStudioVersion = 17.1.32414.318
MinimumVisualStudioVersion = 10.0.40219.1
Project("{2150E333-8FDC-42A3-9474-1A3956D46DE8}") = ".items", ".items", "{24143346-BEA0-4E8E-9249-17FF05C9772F}"
	ProjectSection(SolutionItems) = preProject
		LICENSE = LICENSE
		README.md = README.md
	EndProjectSection
EndProject
Project("{2150E333-8FDC-42A3-9474-1A3956D46DE8}") = "src", "src", "{EDEC7D8F-4C6F-4DE3-8022-17A2A23AB18B}"
	ProjectSection(SolutionItems) = preProject
		src\Directory.Build.props = src\Directory.Build.props
	EndProjectSection
EndProject
Project("{2150E333-8FDC-42A3-9474-1A3956D46DE8}") = "samples", "samples", "{24F9EFE8-010B-48D9-B5D2-EF194BDEAC31}"
EndProject
Project("{2150E333-8FDC-42A3-9474-1A3956D46DE8}") = "tests", "tests", "{9BE8804F-BCC0-48CF-9AEC-ED97414B0C78}"
EndProject
Project("{9A19103F-16F7-4668-BE54-9A1E7A4F7556}") = "AspNetCore.Endpoints", "src\AspNetCore.Endpoints\AspNetCore.Endpoints.csproj", "{78252EC6-A939-4FB4-9B4B-21AF159CECCF}"
EndProject
Project("{9A19103F-16F7-4668-BE54-9A1E7A4F7556}") = "AspNetCore.Endpoints.UnitTests", "tests\AspNetCore.Endpoints.UnitTests\AspNetCore.Endpoints.UnitTests.csproj", "{02A14311-49E7-48E2-AE3C-31161F8455C8}"
EndProject
Project("{9A19103F-16F7-4668-BE54-9A1E7A4F7556}") = "SampleApplication", "samples\SampleApplication\SampleApplication.csproj", "{CDAC8FF5-9AEA-4D5A-8934-02E01A8B9029}"
EndProject
Global
	GlobalSection(SolutionConfigurationPlatforms) = preSolution
		Debug|Any CPU = Debug|Any CPU
		Release|Any CPU = Release|Any CPU
	EndGlobalSection
	GlobalSection(ProjectConfigurationPlatforms) = postSolution
		{78252EC6-A939-4FB4-9B4B-21AF159CECCF}.Debug|Any CPU.ActiveCfg = Debug|Any CPU
		{78252EC6-A939-4FB4-9B4B-21AF159CECCF}.Debug|Any CPU.Build.0 = Debug|Any CPU
		{78252EC6-A939-4FB4-9B4B-21AF159CECCF}.Release|Any CPU.ActiveCfg = Release|Any CPU
		{78252EC6-A939-4FB4-9B4B-21AF159CECCF}.Release|Any CPU.Build.0 = Release|Any CPU
		{02A14311-49E7-48E2-AE3C-31161F8455C8}.Debug|Any CPU.ActiveCfg = Debug|Any CPU
		{02A14311-49E7-48E2-AE3C-31161F8455C8}.Debug|Any CPU.Build.0 = Debug|Any CPU
		{02A14311-49E7-48E2-AE3C-31161F8455C8}.Release|Any CPU.ActiveCfg = Release|Any CPU
		{02A14311-49E7-48E2-AE3C-31161F8455C8}.Release|Any CPU.Build.0 = Release|Any CPU
		{CDAC8FF5-9AEA-4D5A-8934-02E01A8B9029}.Debug|Any CPU.ActiveCfg = Debug|Any CPU
		{CDAC8FF5-9AEA-4D5A-8934-02E01A8B9029}.Debug|Any CPU.Build.0 = Debug|Any CPU
		{CDAC8FF5-9AEA-4D5A-8934-02E01A8B9029}.Release|Any CPU.ActiveCfg = Release|Any CPU
		{CDAC8FF5-9AEA-4D5A-8934-02E01A8B9029}.Release|Any CPU.Build.0 = Release|Any CPU
	EndGlobalSection
	GlobalSection(SolutionProperties) = preSolution
		HideSolutionNode = FALSE
	EndGlobalSection
	GlobalSection(NestedProjects) = preSolution
		{78252EC6-A939-4FB4-9B4B-21AF159CECCF} = {EDEC7D8F-4C6F-4DE3-8022-17A2A23AB18B}
		{02A14311-49E7-48E2-AE3C-31161F8455C8} = {9BE8804F-BCC0-48CF-9AEC-ED97414B0C78}
		{CDAC8FF5-9AEA-4D5A-8934-02E01A8B9029} = {24F9EFE8-010B-48D9-B5D2-EF194BDEAC31}
	EndGlobalSection
	GlobalSection(ExtensibilityGlobals) = postSolution
		SolutionGuid = {A52A2019-EEE6-4DAB-B111-C10693C9E03B}
	EndGlobalSection
EndGlobal
